{
  "requires": true,
  "lockfileVersion": 1,
  "dependencies": {
    "throttle-debounce": {
      "version": "2.1.0",
      "resolved": "https://registry.npmjs.org/throttle-debounce/-/throttle-debounce-2.1.0.tgz",
      "integrity": "sha512-AOvyNahXQuU7NN+VVvOOX+uW6FPaWdAOdRP5HfwYxAfCzXTFKRMoIMk+n+po318+ktcChx+F1Dd91G3YHeMKyg=="
    }
  }
}
